
Microsoft Visual Studio Solution File, Format Version 12.00
# Visual Studio Version 16
VisualStudioVersion = 16.0.30011.22
MinimumVisualStudioVersion = 10.0.40219.1
Project("{2150E333-8FDC-42A3-9474-1A3956D46DE8}") = "Microservices", "Microservices", "{E0EE8586-06FF-408B-AE2D-7CBF504FD85C}"
EndProject
Project("{2150E333-8FDC-42A3-9474-1A3956D46DE8}") = "Domain", "Domain", "{9E2DFB35-CDF4-4DB5-BC4C-062F145A2B0A}"
EndProject
Project("{2150E333-8FDC-42A3-9474-1A3956D46DE8}") = "Infra.Bus", "Infra.Bus", "{55342CFB-B564-4156-A9CD-8694FBC9EDA6}"
EndProject
Project("{2150E333-8FDC-42A3-9474-1A3956D46DE8}") = "Infra.IoC", "Infra.IoC", "{8F9C4024-DC9D-4E2F-B5BC-D889ED61C8D4}"
EndProject
Project("{2150E333-8FDC-42A3-9474-1A3956D46DE8}") = "Presentation", "Presentation", "{FCE21BA0-670F-4A13-AEDA-2A133C25E0F6}"
EndProject
Project("{9A19103F-16F7-4668-BE54-9A1E7A4F7556}") = "MicroRabbit.Domain.Core", "MicroRabbit.Domain.Core\MicroRabbit.Domain.Core.csproj", "{B7D27E46-E0BC-46E4-A0D1-E14F6543D0DF}"
EndProject
Project("{9A19103F-16F7-4668-BE54-9A1E7A4F7556}") = "MicroRabbit.Infra.Bus", "MicroRabbit.Infra.Bus\MicroRabbit.Infra.Bus.csproj", "{4CAEDD3D-94B4-40D4-9A40-C46C1EB110E2}"
EndProject
Project("{9A19103F-16F7-4668-BE54-9A1E7A4F7556}") = "MicroRabbit.Infra.IoC", "MicroRabbit.Infra.IoC\MicroRabbit.Infra.IoC.csproj", "{832A6224-F1C0-4C74-8220-74960392AEF7}"
EndProject
Project("{2150E333-8FDC-42A3-9474-1A3956D46DE8}") = "Banking", "Banking", "{D66283B0-D0B5-4085-8B0B-CC091E41CF56}"
EndProject
Project("{2150E333-8FDC-42A3-9474-1A3956D46DE8}") = "Transfer", "Transfer", "{0D7F5C23-45A8-4CDB-A45F-38FFAB8BC0AD}"
EndProject
Project("{2150E333-8FDC-42A3-9474-1A3956D46DE8}") = "Api", "Api", "{D7E346D3-4203-4868-8061-3CDCF0A15ECB}"
EndProject
Project("{2150E333-8FDC-42A3-9474-1A3956D46DE8}") = "Application", "Application", "{2A4AE881-F883-4DE9-8FDF-78F897232798}"
EndProject
Project("{2150E333-8FDC-42A3-9474-1A3956D46DE8}") = "Data", "Data", "{C7A3DFFD-0143-472E-ADA1-45E4185352B0}"
EndProject
Project("{2150E333-8FDC-42A3-9474-1A3956D46DE8}") = "Domain", "Domain", "{07597BCF-9FF6-4E59-9237-5194F6C8B079}"
EndProject
Project("{2150E333-8FDC-42A3-9474-1A3956D46DE8}") = "Api", "Api", "{61541AE6-1905-4D54-85D3-9D40C1ECF1CA}"
EndProject
Project("{2150E333-8FDC-42A3-9474-1A3956D46DE8}") = "Application", "Application", "{29E435F3-D75D-4B01-99CE-383C48119519}"
EndProject
Project("{2150E333-8FDC-42A3-9474-1A3956D46DE8}") = "Data", "Data", "{D7FC0D24-0808-42AE-8905-376309077892}"
EndProject
Project("{2150E333-8FDC-42A3-9474-1A3956D46DE8}") = "Domain", "Domain", "{EBC08F37-5A49-4D6F-A8A9-C9643DA28501}"
EndProject
Project("{FAE04EC0-301F-11D3-BF4B-00C04F79EFBC}") = "MicroRabbit.Banking.Domain", "MicroRabbit.Banking.Domain\MicroRabbit.Banking.Domain.csproj", "{D4F6E0A1-9890-4048-981F-30928665CB42}"
EndProject
Project("{FAE04EC0-301F-11D3-BF4B-00C04F79EFBC}") = "MicroRabbit.Banking.Data", "MicroRabbit.Banking.Data\MicroRabbit.Banking.Data.csproj", "{CBAF910C-4DBB-43EA-BE38-5E38042EC283}"
EndProject
Project("{FAE04EC0-301F-11D3-BF4B-00C04F79EFBC}") = "MicroRabbit.Banking.Application", "MicroRabbit.Banking.Application\MicroRabbit.Banking.Application.csproj", "{D3F4876C-4E7A-4C21-93CB-3977AC3D28A1}"
EndProject
Project("{FAE04EC0-301F-11D3-BF4B-00C04F79EFBC}") = "MicroRabbit.Banking.Api", "MicroRabbit.Banking.Api\MicroRabbit.Banking.Api.csproj", "{645D954C-60EE-4929-A216-5C261F4EB611}"
EndProject
Global
	GlobalSection(SolutionConfigurationPlatforms) = preSolution
		Debug|Any CPU = Debug|Any CPU
		Release|Any CPU = Release|Any CPU
	EndGlobalSection
	GlobalSection(ProjectConfigurationPlatforms) = postSolution
		{B7D27E46-E0BC-46E4-A0D1-E14F6543D0DF}.Debug|Any CPU.ActiveCfg = Debug|Any CPU
		{B7D27E46-E0BC-46E4-A0D1-E14F6543D0DF}.Debug|Any CPU.Build.0 = Debug|Any CPU
		{B7D27E46-E0BC-46E4-A0D1-E14F6543D0DF}.Release|Any CPU.ActiveCfg = Release|Any CPU
		{B7D27E46-E0BC-46E4-A0D1-E14F6543D0DF}.Release|Any CPU.Build.0 = Release|Any CPU
		{4CAEDD3D-94B4-40D4-9A40-C46C1EB110E2}.Debug|Any CPU.ActiveCfg = Debug|Any CPU
		{4CAEDD3D-94B4-40D4-9A40-C46C1EB110E2}.Debug|Any CPU.Build.0 = Debug|Any CPU
		{4CAEDD3D-94B4-40D4-9A40-C46C1EB110E2}.Release|Any CPU.ActiveCfg = Release|Any CPU
		{4CAEDD3D-94B4-40D4-9A40-C46C1EB110E2}.Release|Any CPU.Build.0 = Release|Any CPU
		{832A6224-F1C0-4C74-8220-74960392AEF7}.Debug|Any CPU.ActiveCfg = Debug|Any CPU
		{832A6224-F1C0-4C74-8220-74960392AEF7}.Debug|Any CPU.Build.0 = Debug|Any CPU
		{832A6224-F1C0-4C74-8220-74960392AEF7}.Release|Any CPU.ActiveCfg = Release|Any CPU
		{832A6224-F1C0-4C74-8220-74960392AEF7}.Release|Any CPU.Build.0 = Release|Any CPU
		{D4F6E0A1-9890-4048-981F-30928665CB42}.Debug|Any CPU.ActiveCfg = Debug|Any CPU
		{D4F6E0A1-9890-4048-981F-30928665CB42}.Debug|Any CPU.Build.0 = Debug|Any CPU
		{D4F6E0A1-9890-4048-981F-30928665CB42}.Release|Any CPU.ActiveCfg = Release|Any CPU
		{D4F6E0A1-9890-4048-981F-30928665CB42}.Release|Any CPU.Build.0 = Release|Any CPU
		{CBAF910C-4DBB-43EA-BE38-5E38042EC283}.Debug|Any CPU.ActiveCfg = Debug|Any CPU
		{CBAF910C-4DBB-43EA-BE38-5E38042EC283}.Debug|Any CPU.Build.0 = Debug|Any CPU
		{CBAF910C-4DBB-43EA-BE38-5E38042EC283}.Release|Any CPU.ActiveCfg = Release|Any CPU
		{CBAF910C-4DBB-43EA-BE38-5E38042EC283}.Release|Any CPU.Build.0 = Release|Any CPU
		{D3F4876C-4E7A-4C21-93CB-3977AC3D28A1}.Debug|Any CPU.ActiveCfg = Debug|Any CPU
		{D3F4876C-4E7A-4C21-93CB-3977AC3D28A1}.Debug|Any CPU.Build.0 = Debug|Any CPU
		{D3F4876C-4E7A-4C21-93CB-3977AC3D28A1}.Release|Any CPU.ActiveCfg = Release|Any CPU
		{D3F4876C-4E7A-4C21-93CB-3977AC3D28A1}.Release|Any CPU.Build.0 = Release|Any CPU
		{645D954C-60EE-4929-A216-5C261F4EB611}.Debug|Any CPU.ActiveCfg = Debug|Any CPU
		{645D954C-60EE-4929-A216-5C261F4EB611}.Debug|Any CPU.Build.0 = Debug|Any CPU
		{645D954C-60EE-4929-A216-5C261F4EB611}.Release|Any CPU.ActiveCfg = Release|Any CPU
		{645D954C-60EE-4929-A216-5C261F4EB611}.Release|Any CPU.Build.0 = Release|Any CPU
	EndGlobalSection
	GlobalSection(SolutionProperties) = preSolution
		HideSolutionNode = FALSE
	EndGlobalSection
	GlobalSection(NestedProjects) = preSolution
		{B7D27E46-E0BC-46E4-A0D1-E14F6543D0DF} = {9E2DFB35-CDF4-4DB5-BC4C-062F145A2B0A}
		{4CAEDD3D-94B4-40D4-9A40-C46C1EB110E2} = {55342CFB-B564-4156-A9CD-8694FBC9EDA6}
		{832A6224-F1C0-4C74-8220-74960392AEF7} = {8F9C4024-DC9D-4E2F-B5BC-D889ED61C8D4}
		{D66283B0-D0B5-4085-8B0B-CC091E41CF56} = {E0EE8586-06FF-408B-AE2D-7CBF504FD85C}
		{0D7F5C23-45A8-4CDB-A45F-38FFAB8BC0AD} = {E0EE8586-06FF-408B-AE2D-7CBF504FD85C}
		{D7E346D3-4203-4868-8061-3CDCF0A15ECB} = {D66283B0-D0B5-4085-8B0B-CC091E41CF56}
		{2A4AE881-F883-4DE9-8FDF-78F897232798} = {D66283B0-D0B5-4085-8B0B-CC091E41CF56}
		{C7A3DFFD-0143-472E-ADA1-45E4185352B0} = {D66283B0-D0B5-4085-8B0B-CC091E41CF56}
		{07597BCF-9FF6-4E59-9237-5194F6C8B079} = {D66283B0-D0B5-4085-8B0B-CC091E41CF56}
		{61541AE6-1905-4D54-85D3-9D40C1ECF1CA} = {0D7F5C23-45A8-4CDB-A45F-38FFAB8BC0AD}
		{29E435F3-D75D-4B01-99CE-383C48119519} = {0D7F5C23-45A8-4CDB-A45F-38FFAB8BC0AD}
		{D7FC0D24-0808-42AE-8905-376309077892} = {0D7F5C23-45A8-4CDB-A45F-38FFAB8BC0AD}
		{EBC08F37-5A49-4D6F-A8A9-C9643DA28501} = {0D7F5C23-45A8-4CDB-A45F-38FFAB8BC0AD}
		{D4F6E0A1-9890-4048-981F-30928665CB42} = {07597BCF-9FF6-4E59-9237-5194F6C8B079}
		{CBAF910C-4DBB-43EA-BE38-5E38042EC283} = {C7A3DFFD-0143-472E-ADA1-45E4185352B0}
		{D3F4876C-4E7A-4C21-93CB-3977AC3D28A1} = {2A4AE881-F883-4DE9-8FDF-78F897232798}
		{645D954C-60EE-4929-A216-5C261F4EB611} = {D7E346D3-4203-4868-8061-3CDCF0A15ECB}
	EndGlobalSection
	GlobalSection(ExtensibilityGlobals) = postSolution
		SolutionGuid = {4629BE19-89E6-4682-812E-D23C015B879A}
	EndGlobalSection
EndGlobal
